
Microsoft Visual Studio Solution File, Format Version 12.00
# Visual Studio Version 17
VisualStudioVersion = 17.9.34728.123
MinimumVisualStudioVersion = 10.0.40219.1
Project("{FAE04EC0-301F-11D3-BF4B-00C04F79EFBC}") = "WGUAppV2", "WGUAppV2.csproj", "{8C61A94D-AA5B-4A66-8F8D-BB5454A7E819}"
EndProject
Global
	GlobalSection(SolutionConfigurationPlatforms) = preSolution
		Debug|Any CPU = Debug|Any CPU
		Release|Any CPU = Release|Any CPU
	EndGlobalSection
	GlobalSection(ProjectConfigurationPlatforms) = postSolution
		{8C61A94D-AA5B-4A66-8F8D-BB5454A7E819}.Debug|Any CPU.ActiveCfg = Debug|Any CPU
		{8C61A94D-AA5B-4A66-8F8D-BB5454A7E819}.Debug|Any CPU.Build.0 = Debug|Any CPU
		{8C61A94D-AA5B-4A66-8F8D-BB5454A7E819}.Debug|Any CPU.Deploy.0 = Debug|Any CPU
		{8C61A94D-AA5B-4A66-8F8D-BB5454A7E819}.Release|Any CPU.ActiveCfg = Release|Any CPU
		{8C61A94D-AA5B-4A66-8F8D-BB5454A7E819}.Release|Any CPU.Build.0 = Release|Any CPU
		{8C61A94D-AA5B-4A66-8F8D-BB5454A7E819}.Release|Any CPU.Deploy.0 = Release|Any CPU
	EndGlobalSection
	GlobalSection(SolutionProperties) = preSolution
		HideSolutionNode = FALSE
	EndGlobalSection
	GlobalSection(ExtensibilityGlobals) = postSolution
		SolutionGuid = {2B26FA41-CA2A-4936-9E94-25A63D6D0059}
	EndGlobalSection
EndGlobal
